
Microsoft Visual Studio Solution File, Format Version 12.00
# Visual Studio Version 17
VisualStudioVersion = 17.8.34330.188
MinimumVisualStudioVersion = 10.0.40219.1
Project("{FAE04EC0-301F-11D3-BF4B-00C04F79EFBC}") = "Ipv4Filter", "Ipv4Filter\Ipv4Filter.csproj", "{8EB3FF6E-6B43-43A0-9E65-3C2A55E1E85B}"
EndProject
Global
	GlobalSection(SolutionConfigurationPlatforms) = preSolution
		Debug|Any CPU = Debug|Any CPU
		Release|Any CPU = Release|Any CPU
	EndGlobalSection
	GlobalSection(ProjectConfigurationPlatforms) = postSolution
		{8EB3FF6E-6B43-43A0-9E65-3C2A55E1E85B}.Debug|Any CPU.ActiveCfg = Debug|Any CPU
		{8EB3FF6E-6B43-43A0-9E65-3C2A55E1E85B}.Debug|Any CPU.Build.0 = Debug|Any CPU
		{8EB3FF6E-6B43-43A0-9E65-3C2A55E1E85B}.Release|Any CPU.ActiveCfg = Release|Any CPU
		{8EB3FF6E-6B43-43A0-9E65-3C2A55E1E85B}.Release|Any CPU.Build.0 = Release|Any CPU
	EndGlobalSection
	GlobalSection(SolutionProperties) = preSolution
		HideSolutionNode = FALSE
	EndGlobalSection
	GlobalSection(ExtensibilityGlobals) = postSolution
		SolutionGuid = {7FC029B2-9B4C-4E3D-B214-8FA0A1120420}
	EndGlobalSection
EndGlobal
